
Microsoft Visual Studio Solution File, Format Version 12.00
# Visual Studio 14
VisualStudioVersion = 14.0.25420.1
MinimumVisualStudioVersion = 10.0.40219.1
Project("{FAE04EC0-301F-11D3-BF4B-00C04F79EFBC}") = "XoRisk_SelfService", "XoRisk_SelfService\XoRisk_SelfService.csproj", "{282F9CCC-EC90-4ED9-9A76-5A023DD05CAA}"
EndProject
Global
	GlobalSection(SolutionConfigurationPlatforms) = preSolution
		Debug|Any CPU = Debug|Any CPU
		Release|Any CPU = Release|Any CPU
	EndGlobalSection
	GlobalSection(ProjectConfigurationPlatforms) = postSolution
		{282F9CCC-EC90-4ED9-9A76-5A023DD05CAA}.Debug|Any CPU.ActiveCfg = Debug|Any CPU
		{282F9CCC-EC90-4ED9-9A76-5A023DD05CAA}.Debug|Any CPU.Build.0 = Debug|Any CPU
		{282F9CCC-EC90-4ED9-9A76-5A023DD05CAA}.Release|Any CPU.ActiveCfg = Release|Any CPU
		{282F9CCC-EC90-4ED9-9A76-5A023DD05CAA}.Release|Any CPU.Build.0 = Release|Any CPU
	EndGlobalSection
	GlobalSection(SolutionProperties) = preSolution
		HideSolutionNode = FALSE
	EndGlobalSection
EndGlobal
